{
    "_meta": {
        "hash": {
            "sha256": "85964412938a9f96dd3460165c63f5e6bc5c87c3bd02f648ce2b06f5c32cd9bf"
        },
        "pipfile-spec": 6,
        "requires": {
            "python_version": "3.12"
        },
        "sources": [
            {
                "name": "pypi",
                "url": "https://pypi.org/simple",
                "verify_ssl": true
            }
        ]
    },
    "default": {
        "asgiref": {
            "hashes": [
                "sha256:89b2ef2247e3b562a16eef663bc0e2e703ec6468e2fa8a5cd61cd449786d4f6e",
                "sha256:9e0ce3aa93a819ba5b45120216b23878cf6e8525eb3848653452b4192b92afed"
            ],
            "markers": "python_version >= '3.7'",
            "version": "==3.7.2"
        },
        "django": {
            "hashes": [
                "sha256:8c8659665bc6e3a44fefe1ab0a291e5a3fb3979f9a8230be29de975e57e8f854",
                "sha256:f47a37a90b9bbe2c8ec360235192c7fddfdc832206fcf618bb849b39256affc1"
            ],
            "index": "pypi",
            "markers": "python_version >= '3.10'",
            "version": "==5.0.1"
        },
        "django-debug-toolbar": {
            "hashes": [
                "sha256:0b0dddee5ea29b9cb678593bc0d7a6d76b21d7799cb68e091a2148341a80f3c4",
                "sha256:e09b7dcb8417b743234dfc57c95a7c1d1d87a88844abd13b4c5387f807b31bf6"
            ],
            "index": "pypi",
            "markers": "python_version >= '3.8'",
            "version": "==4.3.0"
        },
        "mysqlclient": {
            "hashes": [
                "sha256:20ad697e188ce175903b3ad66cddab751c28bc132ff0f7b5cefa6173b99fa608",
                "sha256:3d4ebe14e6a00b0abf6e467c95cf1ec5902c605e4090c0c2ebbc1dee8fc0d795",
                "sha256:3f2742b7791aa3c4cbdc2a972524aa63443414c0582e601bc8d948f43d7f5dd9",
                "sha256:45b1785afeecc4f3b998ab7ea7bf25351c03a11dabbfe34590d70290e4f4496c",
                "sha256:52e37fd8fc0ae3a0f4dd6897449abc2e5438985e453ddfb894b5c3a7301602cc",
                "sha256:675336353b608916f1bf1d4aedf0dc1172bc544135c88bddd57f3a5ccc81bd90",
                "sha256:6f57715fb08c80ab80d34febe0aa8ef8810e52d527ad7da2da76e8ce25e2f2e9",
                "sha256:8b3771525532cdef672f2808a485fe71216625c41c38dd9dbbe96e3aa0e99bbb",
                "sha256:e23e71ce4940949a65288ec7d189308129ba0c35d0a1b27fbeb89740e5ff2f43"
            ],
            "index": "pypi",
            "markers": "python_version >= '3.8'",
            "version": "==2.2.2"
        },
        "sqlparse": {
            "hashes": [
                "sha256:5430a4fe2ac7d0f93e66f1efc6e1338a41884b7ddf2a350cedd20ccc4d9d28f3",
                "sha256:d446183e84b8349fa3061f0fe7f06ca94ba65b426946ffebe6e3e8295332420c"
            ],
            "markers": "python_version >= '3.5'",
            "version": "==0.4.4"
        },
        "tzdata": {
            "hashes": [
                "sha256:aa3ace4329eeacda5b7beb7ea08ece826c28d761cda36e747cfbf97996d39bf3",
                "sha256:dd54c94f294765522c77399649b4fefd95522479a664a0cec87f41bebc6148c9"
            ],
            "markers": "sys_platform == 'win32'",
            "version": "==2023.4"
        }
    },
    "develop": {}
}
